
Microsoft Visual Studio Solution File, Format Version 12.00
# Visual Studio 15
VisualStudioVersion = 15.0.28307.572
MinimumVisualStudioVersion = 10.0.40219.1
Project("{FAE04EC0-301F-11D3-BF4B-00C04F79EFBC}") = "ScheduleManager", "ScheduleManager\ScheduleManager.csproj", "{BFE23FE7-5FCF-4B6F-AAE1-34135A0C8C04}"
EndProject
Global
	GlobalSection(SolutionConfigurationPlatforms) = preSolution
		Debug|Any CPU = Debug|Any CPU
		Release|Any CPU = Release|Any CPU
	EndGlobalSection
	GlobalSection(ProjectConfigurationPlatforms) = postSolution
		{BFE23FE7-5FCF-4B6F-AAE1-34135A0C8C04}.Debug|Any CPU.ActiveCfg = Debug|Any CPU
		{BFE23FE7-5FCF-4B6F-AAE1-34135A0C8C04}.Debug|Any CPU.Build.0 = Debug|Any CPU
		{BFE23FE7-5FCF-4B6F-AAE1-34135A0C8C04}.Release|Any CPU.ActiveCfg = Release|Any CPU
		{BFE23FE7-5FCF-4B6F-AAE1-34135A0C8C04}.Release|Any CPU.Build.0 = Release|Any CPU
	EndGlobalSection
	GlobalSection(SolutionProperties) = preSolution
		HideSolutionNode = FALSE
	EndGlobalSection
	GlobalSection(ExtensibilityGlobals) = postSolution
		SolutionGuid = {618F17ED-056B-4FAF-973F-9505736BA38B}
	EndGlobalSection
EndGlobal
